
Microsoft Visual Studio Solution File, Format Version 12.00
# Visual Studio Version 17
VisualStudioVersion = 17.1.32228.430
MinimumVisualStudioVersion = 10.0.40219.1
Project("{9A19103F-16F7-4668-BE54-9A1E7A4F7556}") = "CoffeePi.Core", "CoffeePi.Core\CoffeePi.Core.csproj", "{26AAE0BB-825C-4551-B39F-69F373B3FE23}"
EndProject
Project("{9A19103F-16F7-4668-BE54-9A1E7A4F7556}") = "CoffeePi.Web", "CoffeePi.Web\CoffeePi.Web.csproj", "{F1A63022-A55A-4546-8832-F98D7D6881A2}"
EndProject
Project("{9A19103F-16F7-4668-BE54-9A1E7A4F7556}") = "CoffeePi.Shared", "CoffeePi.Shared\CoffeePi.Shared.csproj", "{2A486375-FB2B-4303-B4A5-ABECBDEEB1DB}"
EndProject
Project("{9A19103F-16F7-4668-BE54-9A1E7A4F7556}") = "CoffeePi.Data", "CoffeePi.Data\CoffeePi.Data.csproj", "{475FB731-ECFB-4464-BCFE-F1DE0EB1FDD3}"
EndProject
Project("{FAE04EC0-301F-11D3-BF4B-00C04F79EFBC}") = "CoffeePi.Mobile", "CoffeePi.Mobile\CoffeePi.Mobile.csproj", "{FACE52C8-01E6-43AD-A17D-503153A1088D}"
EndProject
Global
	GlobalSection(SolutionConfigurationPlatforms) = preSolution
		Debug|Any CPU = Debug|Any CPU
		Release|Any CPU = Release|Any CPU
	EndGlobalSection
	GlobalSection(ProjectConfigurationPlatforms) = postSolution
		{26AAE0BB-825C-4551-B39F-69F373B3FE23}.Debug|Any CPU.ActiveCfg = Debug|Any CPU
		{26AAE0BB-825C-4551-B39F-69F373B3FE23}.Debug|Any CPU.Build.0 = Debug|Any CPU
		{26AAE0BB-825C-4551-B39F-69F373B3FE23}.Release|Any CPU.ActiveCfg = Release|Any CPU
		{26AAE0BB-825C-4551-B39F-69F373B3FE23}.Release|Any CPU.Build.0 = Release|Any CPU
		{F1A63022-A55A-4546-8832-F98D7D6881A2}.Debug|Any CPU.ActiveCfg = Debug|Any CPU
		{F1A63022-A55A-4546-8832-F98D7D6881A2}.Debug|Any CPU.Build.0 = Debug|Any CPU
		{F1A63022-A55A-4546-8832-F98D7D6881A2}.Release|Any CPU.ActiveCfg = Release|Any CPU
		{F1A63022-A55A-4546-8832-F98D7D6881A2}.Release|Any CPU.Build.0 = Release|Any CPU
		{2A486375-FB2B-4303-B4A5-ABECBDEEB1DB}.Debug|Any CPU.ActiveCfg = Debug|Any CPU
		{2A486375-FB2B-4303-B4A5-ABECBDEEB1DB}.Debug|Any CPU.Build.0 = Debug|Any CPU
		{2A486375-FB2B-4303-B4A5-ABECBDEEB1DB}.Release|Any CPU.ActiveCfg = Release|Any CPU
		{2A486375-FB2B-4303-B4A5-ABECBDEEB1DB}.Release|Any CPU.Build.0 = Release|Any CPU
		{475FB731-ECFB-4464-BCFE-F1DE0EB1FDD3}.Debug|Any CPU.ActiveCfg = Debug|Any CPU
		{475FB731-ECFB-4464-BCFE-F1DE0EB1FDD3}.Debug|Any CPU.Build.0 = Debug|Any CPU
		{475FB731-ECFB-4464-BCFE-F1DE0EB1FDD3}.Release|Any CPU.ActiveCfg = Release|Any CPU
		{475FB731-ECFB-4464-BCFE-F1DE0EB1FDD3}.Release|Any CPU.Build.0 = Release|Any CPU
		{FACE52C8-01E6-43AD-A17D-503153A1088D}.Debug|Any CPU.ActiveCfg = Debug|Any CPU
		{FACE52C8-01E6-43AD-A17D-503153A1088D}.Debug|Any CPU.Build.0 = Debug|Any CPU
		{FACE52C8-01E6-43AD-A17D-503153A1088D}.Debug|Any CPU.Deploy.0 = Debug|Any CPU
		{FACE52C8-01E6-43AD-A17D-503153A1088D}.Release|Any CPU.ActiveCfg = Release|Any CPU
		{FACE52C8-01E6-43AD-A17D-503153A1088D}.Release|Any CPU.Build.0 = Release|Any CPU
		{FACE52C8-01E6-43AD-A17D-503153A1088D}.Release|Any CPU.Deploy.0 = Release|Any CPU
	EndGlobalSection
	GlobalSection(SolutionProperties) = preSolution
		HideSolutionNode = FALSE
	EndGlobalSection
	GlobalSection(ExtensibilityGlobals) = postSolution
		SolutionGuid = {29DD09A2-48E0-46E2-B281-16640B8F9D02}
	EndGlobalSection
EndGlobal
